
Microsoft Visual Studio Solution File, Format Version 12.00
# Visual Studio Version 17
VisualStudioVersion = 17.3.32929.385
MinimumVisualStudioVersion = 10.0.40219.1
Project("{FAE04EC0-301F-11D3-BF4B-00C04F79EFBC}") = "Projeto01", "Projeto01.csproj", "{05FBA86F-1A41-4BEF-A6E0-924D004E3C0B}"
EndProject
Global
	GlobalSection(SolutionConfigurationPlatforms) = preSolution
		Debug|Any CPU = Debug|Any CPU
		Release|Any CPU = Release|Any CPU
	EndGlobalSection
	GlobalSection(ProjectConfigurationPlatforms) = postSolution
		{05FBA86F-1A41-4BEF-A6E0-924D004E3C0B}.Debug|Any CPU.ActiveCfg = Debug|Any CPU
		{05FBA86F-1A41-4BEF-A6E0-924D004E3C0B}.Debug|Any CPU.Build.0 = Debug|Any CPU
		{05FBA86F-1A41-4BEF-A6E0-924D004E3C0B}.Release|Any CPU.ActiveCfg = Release|Any CPU
		{05FBA86F-1A41-4BEF-A6E0-924D004E3C0B}.Release|Any CPU.Build.0 = Release|Any CPU
	EndGlobalSection
	GlobalSection(SolutionProperties) = preSolution
		HideSolutionNode = FALSE
	EndGlobalSection
	GlobalSection(ExtensibilityGlobals) = postSolution
		SolutionGuid = {58A07ECF-3629-488F-849E-299E5C703DDE}
	EndGlobalSection
EndGlobal
